// !$*UTF8*$!
{
	archiveVersion = 1;
	classes = {
	};
	objectVersion = 46;
	objects = {

/* Begin PBXBuildFile section */
		2E8CA9D61E4494FE000E6FD2 /* AppDelegate.swift in Sources */ = {isa = PBXBuildFile; fileRef = 2E8CA9D51E4494FE000E6FD2 /* AppDelegate.swift */; };
		2E8CA9D81E4494FE000E6FD2 /* ViewController.swift in Sources */ = {isa = PBXBuildFile; fileRef = 2E8CA9D71E4494FE000E6FD2 /* ViewController.swift */; };
		2E8CA9DB1E4494FE000E6FD2 /* Main.storyboard in Resources */ = {isa = PBXBuildFile; fileRef = 2E8CA9D91E4494FE000E6FD2 /* Main.storyboard */; };
		2E8CA9DD1E4494FE000E6FD2 /* Assets.xcassets in Resources */ = {isa = PBXBuildFile; fileRef = 2E8CA9DC1E4494FE000E6FD2 /* Assets.xcassets */; };
		2E8CA9E01E4494FE000E6FD2 /* LaunchScreen.storyboard in Resources */ = {isa = PBXBuildFile; fileRef = 2E8CA9DE1E4494FE000E6FD2 /* LaunchScreen.storyboard */; };
		2E8CA9E91E449B7C000E6FD2 /* KiteSDK.framework in Frameworks */ = {isa = PBXBuildFile; fileRef = 2E8CA9E81E449B7C000E6FD2 /* KiteSDK.framework */; };
/* End PBXBuildFile section */

/* Begin PBXFileReference section */
		2E8CA9D21E4494FE000E6FD2 /* Example-Kite-iOS-Carthage.app */ = {isa = PBXFileReference; explicitFileType = wrapper.application; includeInIndex = 0; path = "Example-Kite-iOS-Carthage.app"; sourceTree = BUILT_PRODUCTS_DIR; };
		2E8CA9D51E4494FE000E6FD2 /* AppDelegate.swift */ = {isa = PBXFileReference; lastKnownFileType = sourcecode.swift; path = AppDelegate.swift; sourceTree = "<group>"; };
		2E8CA9D71E4494FE000E6FD2 /* ViewController.swift */ = {isa = PBXFileReference; lastKnownFileType = sourcecode.swift; path = ViewController.swift; sourceTree = "<group>"; };
		2E8CA9DA1E4494FE000E6FD2 /* Base */ = {isa = PBXFileReference; lastKnownFileType = file.storyboard; name = Base; path = Base.lproj/Main.storyboard; sourceTree = "<group>"; };
		2E8CA9DC1E4494FE000E6FD2 /* Assets.xcassets */ = {isa = PBXFileReference; lastKnownFileType = folder.assetcatalog; path = Assets.xcassets; sourceTree = "<group>"; };
		2E8CA9DF1E4494FE000E6FD2 /* Base */ = {isa = PBXFileReference; lastKnownFileType = file.storyboard; name = Base; path = Base.lproj/LaunchScreen.storyboard; sourceTree = "<group>"; };
		2E8CA9E11E4494FE000E6FD2 /* Info.plist */ = {isa = PBXFileReference; lastKnownFileType = text.plist.xml; path = Info.plist; sourceTree = "<group>"; };
		2E8CA9E81E449B7C000E6FD2 /* KiteSDK.framework */ = {isa = PBXFileReference; lastKnownFileType = wrapper.framework; name = KiteSDK.framework; path = Carthage/Build/iOS/KiteSDK.framework; sourceTree = "<group>"; };
/* End PBXFileReference section */

/* Begin PBXFrameworksBuildPhase section */
		2E8CA9CF1E4494FE000E6FD2 /* Frameworks */ = {
			isa = PBXFrameworksBuildPhase;
			buildActionMask = 2147483647;
			files = (
				2E8CA9E91E449B7C000E6FD2 /* KiteSDK.framework in Frameworks */,
			);
			runOnlyForDeploymentPostprocessing = 0;
		};
/* End PBXFrameworksBuildPhase section */

/* Begin PBXGroup section */
		2E8CA9C91E4494FE000E6FD2 = {
			isa = PBXGroup;
			children = (
				2E8CA9D41E4494FE000E6FD2 /* Example-Kite-iOS-Carthage */,
				2E8CA9D31E4494FE000E6FD2 /* Products */,
				2E8CA9E71E449B7A000E6FD2 /* Frameworks */,
			);
			sourceTree = "<group>";
		};
		2E8CA9D31E4494FE000E6FD2 /* Products */ = {
			isa = PBXGroup;
			children = (
				2E8CA9D21E4494FE000E6FD2 /* Example-Kite-iOS-Carthage.app */,
			);
			name = Products;
			sourceTree = "<group>";
		};
		2E8CA9D41E4494FE000E6FD2 /* Example-Kite-iOS-Carthage */ = {
			isa = PBXGroup;
			children = (
				2E8CA9D51E4494FE000E6FD2 /* AppDelegate.swift */,
				2E8CA9D71E4494FE000E6FD2 /* ViewController.swift */,
				2E8CA9D91E4494FE000E6FD2 /* Main.storyboard */,
				2E8CA9DC1E4494FE000E6FD2 /* Assets.xcassets */,
				2E8CA9DE1E4494FE000E6FD2 /* LaunchScreen.storyboard */,
				2E8CA9E11E4494FE000E6FD2 /* Info.plist */,
			);
			path = "Example-Kite-iOS-Carthage";
			sourceTree = "<group>";
		};
		2E8CA9E71E449B7A000E6FD2 /* Frameworks */ = {
			isa = PBXGroup;
			children = (
				2E8CA9E81E449B7C000E6FD2 /* KiteSDK.framework */,
			);
			name = Frameworks;
			sourceTree = "<group>";
		};
/* End PBXGroup section */

/* Begin PBXNativeTarget section */
		2E8CA9D11E4494FE000E6FD2 /* Example-Kite-iOS-Carthage */ = {
			isa = PBXNativeTarget;
			buildConfigurationList = 2E8CA9E41E4494FE000E6FD2 /* Build configuration list for PBXNativeTarget "Example-Kite-iOS-Carthage" */;
			buildPhases = (
				2E8CA9CE1E4494FE000E6FD2 /* Sources */,
				2E8CA9CF1E4494FE000E6FD2 /* Frameworks */,
				2E8CA9D01E4494FE000E6FD2 /* Resources */,
				2E8CA9EA1E449BA2000E6FD2 /* ShellScript */,
			);
			buildRules = (
			);
			dependencies = (
			);
			name = "Example-Kite-iOS-Carthage";
			productName = "Example-Kite-iOS-Carthage";
			productReference = 2E8CA9D21E4494FE000E6FD2 /* Example-Kite-iOS-Carthage.app */;
			productType = "com.apple.product-type.application";
		};
/* End PBXNativeTarget section */

/* Begin PBXProject section */
		2E8CA9CA1E4494FE000E6FD2 /* Project object */ = {
			isa = PBXProject;
			attributes = {
				LastSwiftUpdateCheck = 0820;
				LastUpgradeCheck = 0820;
				ORGANIZATIONNAME = Kite.ly;
				TargetAttributes = {
					2E8CA9D11E4494FE000E6FD2 = {
						CreatedOnToolsVersion = 8.2.1;
						DevelopmentTeam = L78L4U72YJ;
						ProvisioningStyle = Automatic;
					};
				};
			};
			buildConfigurationList = 2E8CA9CD1E4494FE000E6FD2 /* Build configuration list for PBXProject "Example-Kite-iOS-Carthage" */;
			compatibilityVersion = "Xcode 3.2";
			developmentRegion = English;
			hasScannedForEncodings = 0;
			knownRegions = (
				en,
				Base,
			);
			mainGroup = 2E8CA9C91E4494FE000E6FD2;
			productRefGroup = 2E8CA9D31E4494FE000E6FD2 /* Products */;
			projectDirPath = "";
			projectRoot = "";
			targets = (
				2E8CA9D11E4494FE000E6FD2 /* Example-Kite-iOS-Carthage */,
			);
		};
/* End PBXProject section */

/* Begin PBXResourcesBuildPhase section */
		2E8CA9D01E4494FE000E6FD2 /* Resources */ = {
			isa = PBXResourcesBuildPhase;
			buildActionMask = 2147483647;
			files = (
				2E8CA9E01E4494FE000E6FD2 /* LaunchScreen.storyboard in Resources */,
				2E8CA9DD1E4494FE000E6FD2 /* Assets.xcassets in Resources */,
				2E8CA9DB1E4494FE000E6FD2 /* Main.storyboard in Resources */,
			);
			runOnlyForDeploymentPostprocessing = 0;
		};
/* End PBXResourcesBuildPhase section */

/* Begin PBXShellScriptBuildPhase section */
		2E8CA9EA1E449BA2000E6FD2 /* ShellScript */ = {
			isa = PBXShellScriptBuildPhase;
			buildActionMask = 2147483647;
			files = (
			);
			inputPaths = (
				"$(SRCROOT)//Carthage/Build/iOS/KiteSDK.framework",
			);
			outputPaths = (
			);
			runOnlyForDeploymentPostprocessing = 0;
			shellPath = /bin/sh;
			shellScript = "/usr/local/bin/carthage copy-frameworks";
		};
/* End PBXShellScriptBuildPhase section */

/* Begin PBXSourcesBuildPhase section */
		2E8CA9CE1E4494FE000E6FD2 /* Sources */ = {
			isa = PBXSourcesBuildPhase;
			buildActionMask = 2147483647;
			files = (
				2E8CA9D81E4494FE000E6FD2 /* ViewController.swift in Sources */,
				2E8CA9D61E4494FE000E6FD2 /* AppDelegate.swift in Sources */,
			);
			runOnlyForDeploymentPostprocessing = 0;
		};
/* End PBXSourcesBuildPhase section */

/* Begin PBXVariantGroup section */
		2E8CA9D91E4494FE000E6FD2 /* Main.storyboard */ = {
			isa = PBXVariantGroup;
			children = (
				2E8CA9DA1E4494FE000E6FD2 /* Base */,
			);
			name = Main.storyboard;
			sourceTree = "<group>";
		};
		2E8CA9DE1E4494FE000E6FD2 /* LaunchScreen.storyboard */ = {
			isa = PBXVariantGroup;
			children = (
				2E8CA9DF1E4494FE000E6FD2 /* Base */,
			);
			name = LaunchScreen.storyboard;
			sourceTree = "<group>";
		};
/* End PBXVariantGroup section */

/* Begin XCBuildConfiguration section */
		2E8CA9E21E4494FE000E6FD2 /* Debug */ = {
			isa = XCBuildConfiguration;
			buildSettings = {
				ALWAYS_SEARCH_USER_PATHS = NO;
				CLANG_ANALYZER_NONNULL = YES;
				CLANG_CXX_LANGUAGE_STANDARD = "gnu++0x";
				CLANG_CXX_LIBRARY = "libc++";
				CLANG_ENABLE_MODULES = YES;
				CLANG_ENABLE_OBJC_ARC = YES;
				CLANG_WARN_BOOL_CONVERSION = YES;
				CLANG_WARN_CONSTANT_CONVERSION = YES;
				CLANG_WARN_DIRECT_OBJC_ISA_USAGE = YES_ERROR;
				CLANG_WARN_DOCUMENTATION_COMMENTS = YES;
				CLANG_WARN_EMPTY_BODY = YES;
				CLANG_WARN_ENUM_CONVERSION = YES;
				CLANG_WARN_INFINITE_RECURSION = YES;
				CLANG_WARN_INT_CONVERSION = YES;
				CLANG_WARN_OBJC_ROOT_CLASS = YES_ERROR;
				CLANG_WARN_SUSPICIOUS_MOVE = YES;
				CLANG_WARN_UNREACHABLE_CODE = YES;
				CLANG_WARN__DUPLICATE_METHOD_MATCH = YES;
				"CODE_SIGN_IDENTITY[sdk=iphoneos*]" = "iPhone Developer";
				COPY_PHASE_STRIP = NO;
				DEBUG_INFORMATION_FORMAT = dwarf;
				ENABLE_STRICT_OBJC_MSGSEND = YES;
				ENABLE_TESTABILITY = YES;
				GCC_C_LANGUAGE_STANDARD = gnu99;
				GCC_DYNAMIC_NO_PIC = NO;
				GCC_NO_COMMON_BLOCKS = YES;
				GCC_OPTIMIZATION_LEVEL = 0;
				GCC_PREPROCESSOR_DEFINITIONS = (
					"DEBUG=1",
					"$(inherited)",
				);
				GCC_WARN_64_TO_32_BIT_CONVERSION = YES;
				GCC_WARN_ABOUT_RETURN_TYPE = YES_ERROR;
				GCC_WARN_UNDECLARED_SELECTOR = YES;
				GCC_WARN_UNINITIALIZED_AUTOS = YES_AGGRESSIVE;
				GCC_WARN_UNUSED_FUNCTION = YES;
				GCC_WARN_UNUSED_VARIABLE = YES;
				IPHONEOS_DEPLOYMENT_TARGET = 10.2;
				MTL_ENABLE_DEBUG_INFO = YES;
				ONLY_ACTIVE_ARCH = YES;
				SDKROOT = iphoneos;
				SWIFT_ACTIVE_COMPILATION_CONDITIONS = DEBUG;
				SWIFT_OPTIMIZATION_LEVEL = "-Onone";
				TARGETED_DEVICE_FAMILY = "1,2";
			};
			name = Debug;
		};
		2E8CA9E31E4494FE000E6FD2 /* Release */ = {
			isa = XCBuildConfiguration;
			buildSettings = {
				ALWAYS_SEARCH_USER_PATHS = NO;
				CLANG_ANALYZER_NONNULL = YES;
				CLANG_CXX_LANGUAGE_STANDARD = "gnu++0x";
				CLANG_CXX_LIBRARY = "libc++";
				CLANG_ENABLE_MODULES = YES;
				CLANG_ENABLE_OBJC_ARC = YES;
				CLANG_WARN_BOOL_CONVERSION = YES;
				CLANG_WARN_CONSTANT_CONVERSION = YES;
				CLANG_WARN_DIRECT_OBJC_ISA_USAGE = YES_ERROR;
				CLANG_WARN_DOCUMENTATION_COMMENTS = YES;
				CLANG_WARN_EMPTY_BODY = YES;
				CLANG_WARN_ENUM_CONVERSION = YES;
				CLANG_WARN_INFINITE_RECURSION = YES;
				CLANG_WARN_INT_CONVERSION = YES;
				CLANG_WARN_OBJC_ROOT_CLASS = YES_ERROR;
				CLANG_WARN_SUSPICIOUS_MOVE = YES;
				CLANG_WARN_UNREACHABLE_CODE = YES;
				CLANG_WARN__DUPLICATE_METHOD_MATCH = YES;
				"CODE_SIGN_IDENTITY[sdk=iphoneos*]" = "iPhone Developer";
				COPY_PHASE_STRIP = NO;
				DEBUG_INFORMATION_FORMAT = "dwarf-with-dsym";
				ENABLE_NS_ASSERTIONS = NO;
				ENABLE_STRICT_OBJC_MSGSEND = YES;
				GCC_C_LANGUAGE_STANDARD = gnu99;
				GCC_NO_COMMON_BLOCKS = YES;
				GCC_WARN_64_TO_32_BIT_CONVERSION = YES;
				GCC_WARN_ABOUT_RETURN_TYPE = YES_ERROR;
				GCC_WARN_UNDECLARED_SELECTOR = YES;
				GCC_WARN_UNINITIALIZED_AUTOS = YES_AGGRESSIVE;
				GCC_WARN_UNUSED_FUNCTION = YES;
				GCC_WARN_UNUSED_VARIABLE = YES;
				IPHONEOS_DEPLOYMENT_TARGET = 10.2;
				MTL_ENABLE_DEBUG_INFO = NO;
				SDKROOT = iphoneos;
				SWIFT_OPTIMIZATION_LEVEL = "-Owholemodule";
				TARGETED_DEVICE_FAMILY = "1,2";
				VALIDATE_PRODUCT = YES;
			};
			name = Release;
		};
		2E8CA9E51E4494FE000E6FD2 /* Debug */ = {
			isa = XCBuildConfiguration;
			buildSettings = {
				ASSETCATALOG_COMPILER_APPICON_NAME = AppIcon;
				DEVELOPMENT_TEAM = L78L4U72YJ;
				FRAMEWORK_SEARCH_PATHS = (
					"$(inherited)",
					"$(PROJECT_DIR)/Carthage/Build/iOS",
				);
				INFOPLIST_FILE = "Example-Kite-iOS-Carthage/Info.plist";
				LD_RUNPATH_SEARCH_PATHS = "$(inherited) @executable_path/Frameworks";
				PRODUCT_BUNDLE_IDENTIFIER = "ly.kite.Example-Kite-iOS-Carthage";
				PRODUCT_NAME = "$(TARGET_NAME)";
				SWIFT_VERSION = 3.0;
			};
			name = Debug;
		};
		2E8CA9E61E4494FE000E6FD2 /* Release */ = {
			isa = XCBuildConfiguration;
			buildSettings = {
				ASSETCATALOG_COMPILER_APPICON_NAME = AppIcon;
				DEVELOPMENT_TEAM = L78L4U72YJ;
				FRAMEWORK_SEARCH_PATHS = (
					"$(inherited)",
					"$(PROJECT_DIR)/Carthage/Build/iOS",
				);
				INFOPLIST_FILE = "Example-Kite-iOS-Carthage/Info.plist";
				LD_RUNPATH_SEARCH_PATHS = "$(inherited) @executable_path/Frameworks";
				PRODUCT_BUNDLE_IDENTIFIER = "ly.kite.Example-Kite-iOS-Carthage";
				PRODUCT_NAME = "$(TARGET_NAME)";
				SWIFT_VERSION = 3.0;
			};
			name = Release;
		};
/* End XCBuildConfiguration section */

/* Begin XCConfigurationList section */
		2E8CA9CD1E4494FE000E6FD2 /* Build configuration list for PBXProject "Example-Kite-iOS-Carthage" */ = {
			isa = XCConfigurationList;
			buildConfigurations = (
				2E8CA9E21E4494FE000E6FD2 /* Debug */,
				2E8CA9E31E4494FE000E6FD2 /* Release */,
			);
			defaultConfigurationIsVisible = 0;
			defaultConfigurationName = Release;
		};
		2E8CA9E41E4494FE000E6FD2 /* Build configuration list for PBXNativeTarget "Example-Kite-iOS-Carthage" */ = {
			isa = XCConfigurationList;
			buildConfigurations = (
				2E8CA9E51E4494FE000E6FD2 /* Debug */,
				2E8CA9E61E4494FE000E6FD2 /* Release */,
			);
			defaultConfigurationIsVisible = 0;
			defaultConfigurationName = Release;
		};
/* End XCConfigurationList section */
	};
	rootObject = 2E8CA9CA1E4494FE000E6FD2 /* Project object */;
}
